
Microsoft Visual Studio Solution File, Format Version 12.00
Project("{FAE04EC0-301F-11D3-BF4B-00C04F79EFBC}") = "RoadStatus", "RoadStatus\RoadStatus.csproj", "{10062C45-64B0-41B7-BEA3-98923531C05F}"
EndProject
Project("{FAE04EC0-301F-11D3-BF4B-00C04F79EFBC}") = "RoadStatus.Tests", "RoadStatus.Tests\RoadStatus.Tests.csproj", "{D75E122C-ABF9-4927-AE9C-A1077B113D96}"
EndProject
Global
	GlobalSection(SolutionConfigurationPlatforms) = preSolution
		Debug|Any CPU = Debug|Any CPU
		Release|Any CPU = Release|Any CPU
	EndGlobalSection
	GlobalSection(ProjectConfigurationPlatforms) = postSolution
		{10062C45-64B0-41B7-BEA3-98923531C05F}.Debug|Any CPU.ActiveCfg = Debug|Any CPU
		{10062C45-64B0-41B7-BEA3-98923531C05F}.Debug|Any CPU.Build.0 = Debug|Any CPU
		{10062C45-64B0-41B7-BEA3-98923531C05F}.Release|Any CPU.ActiveCfg = Release|Any CPU
		{10062C45-64B0-41B7-BEA3-98923531C05F}.Release|Any CPU.Build.0 = Release|Any CPU
		{D75E122C-ABF9-4927-AE9C-A1077B113D96}.Debug|Any CPU.ActiveCfg = Debug|Any CPU
		{D75E122C-ABF9-4927-AE9C-A1077B113D96}.Debug|Any CPU.Build.0 = Debug|Any CPU
		{D75E122C-ABF9-4927-AE9C-A1077B113D96}.Release|Any CPU.ActiveCfg = Release|Any CPU
		{D75E122C-ABF9-4927-AE9C-A1077B113D96}.Release|Any CPU.Build.0 = Release|Any CPU
	EndGlobalSection
EndGlobal
